// !$*UTF8*$!
{
	archiveVersion = 1;
	classes = {
	};
	objectVersion = 50;
	objects = {

/* Begin PBXBuildFile section */
		ADF64CAE278A2D3200242C09 /* AppDelegate.swift in Sources */ = {isa = PBXBuildFile; fileRef = ADF64CAD278A2D3200242C09 /* AppDelegate.swift */; };
		ADF64CB0278A2D3200242C09 /* SceneDelegate.swift in Sources */ = {isa = PBXBuildFile; fileRef = ADF64CAF278A2D3200242C09 /* SceneDelegate.swift */; };
		ADF64CB2278A2D3200242C09 /* ViewController.swift in Sources */ = {isa = PBXBuildFile; fileRef = ADF64CB1278A2D3200242C09 /* ViewController.swift */; };
		ADF64CB5278A2D3200242C09 /* Main.storyboard in Resources */ = {isa = PBXBuildFile; fileRef = ADF64CB3278A2D3200242C09 /* Main.storyboard */; };
		ADF64CB7278A2D3300242C09 /* Assets.xcassets in Resources */ = {isa = PBXBuildFile; fileRef = ADF64CB6278A2D3300242C09 /* Assets.xcassets */; };
		ADF64CBA278A2D3400242C09 /* LaunchScreen.storyboard in Resources */ = {isa = PBXBuildFile; fileRef = ADF64CB8278A2D3400242C09 /* LaunchScreen.storyboard */; };
		ADF64CC5278A2D3400242C09 /* WordleTests.swift in Sources */ = {isa = PBXBuildFile; fileRef = ADF64CC4278A2D3400242C09 /* WordleTests.swift */; };
		ADF64CD0278A2D3400242C09 /* WordleUITests.swift in Sources */ = {isa = PBXBuildFile; fileRef = ADF64CCF278A2D3400242C09 /* WordleUITests.swift */; };
/* End PBXBuildFile section */

/* Begin PBXContainerItemProxy section */
		ADF64CC1278A2D3400242C09 /* PBXContainerItemProxy */ = {
			isa = PBXContainerItemProxy;
			containerPortal = ADF64CA2278A2D3200242C09 /* Project object */;
			proxyType = 1;
			remoteGlobalIDString = ADF64CA9278A2D3200242C09;
			remoteInfo = Wordle;
		};
		ADF64CCC278A2D3400242C09 /* PBXContainerItemProxy */ = {
			isa = PBXContainerItemProxy;
			containerPortal = ADF64CA2278A2D3200242C09 /* Project object */;
			proxyType = 1;
			remoteGlobalIDString = ADF64CA9278A2D3200242C09;
			remoteInfo = Wordle;
		};
/* End PBXContainerItemProxy section */

/* Begin PBXFileReference section */
		ADF64CAA278A2D3200242C09 /* Wordle.app */ = {isa = PBXFileReference; explicitFileType = wrapper.application; includeInIndex = 0; path = Wordle.app; sourceTree = BUILT_PRODUCTS_DIR; };
		ADF64CAD278A2D3200242C09 /* AppDelegate.swift */ = {isa = PBXFileReference; lastKnownFileType = sourcecode.swift; path = AppDelegate.swift; sourceTree = "<group>"; };
		ADF64CAF278A2D3200242C09 /* SceneDelegate.swift */ = {isa = PBXFileReference; lastKnownFileType = sourcecode.swift; path = SceneDelegate.swift; sourceTree = "<group>"; };
		ADF64CB1278A2D3200242C09 /* ViewController.swift */ = {isa = PBXFileReference; lastKnownFileType = sourcecode.swift; path = ViewController.swift; sourceTree = "<group>"; };
		ADF64CB4278A2D3200242C09 /* Base */ = {isa = PBXFileReference; lastKnownFileType = file.storyboard; name = Base; path = Base.lproj/Main.storyboard; sourceTree = "<group>"; };
		ADF64CB6278A2D3300242C09 /* Assets.xcassets */ = {isa = PBXFileReference; lastKnownFileType = folder.assetcatalog; path = Assets.xcassets; sourceTree = "<group>"; };
		ADF64CB9278A2D3400242C09 /* Base */ = {isa = PBXFileReference; lastKnownFileType = file.storyboard; name = Base; path = Base.lproj/LaunchScreen.storyboard; sourceTree = "<group>"; };
		ADF64CBB278A2D3400242C09 /* Info.plist */ = {isa = PBXFileReference; lastKnownFileType = text.plist.xml; path = Info.plist; sourceTree = "<group>"; };
		ADF64CC0278A2D3400242C09 /* WordleTests.xctest */ = {isa = PBXFileReference; explicitFileType = wrapper.cfbundle; includeInIndex = 0; path = WordleTests.xctest; sourceTree = BUILT_PRODUCTS_DIR; };
		ADF64CC4278A2D3400242C09 /* WordleTests.swift */ = {isa = PBXFileReference; lastKnownFileType = sourcecode.swift; path = WordleTests.swift; sourceTree = "<group>"; };
		ADF64CC6278A2D3400242C09 /* Info.plist */ = {isa = PBXFileReference; lastKnownFileType = text.plist.xml; path = Info.plist; sourceTree = "<group>"; };
		ADF64CCB278A2D3400242C09 /* WordleUITests.xctest */ = {isa = PBXFileReference; explicitFileType = wrapper.cfbundle; includeInIndex = 0; path = WordleUITests.xctest; sourceTree = BUILT_PRODUCTS_DIR; };
		ADF64CCF278A2D3400242C09 /* WordleUITests.swift */ = {isa = PBXFileReference; lastKnownFileType = sourcecode.swift; path = WordleUITests.swift; sourceTree = "<group>"; };
		ADF64CD1278A2D3400242C09 /* Info.plist */ = {isa = PBXFileReference; lastKnownFileType = text.plist.xml; path = Info.plist; sourceTree = "<group>"; };
/* End PBXFileReference section */

/* Begin PBXFrameworksBuildPhase section */
		ADF64CA7278A2D3200242C09 /* Frameworks */ = {
			isa = PBXFrameworksBuildPhase;
			buildActionMask = 2147483647;
			files = (
			);
			runOnlyForDeploymentPostprocessing = 0;
		};
		ADF64CBD278A2D3400242C09 /* Frameworks */ = {
			isa = PBXFrameworksBuildPhase;
			buildActionMask = 2147483647;
			files = (
			);
			runOnlyForDeploymentPostprocessing = 0;
		};
		ADF64CC8278A2D3400242C09 /* Frameworks */ = {
			isa = PBXFrameworksBuildPhase;
			buildActionMask = 2147483647;
			files = (
			);
			runOnlyForDeploymentPostprocessing = 0;
		};
/* End PBXFrameworksBuildPhase section */

/* Begin PBXGroup section */
		ADF64CA1278A2D3200242C09 = {
			isa = PBXGroup;
			children = (
				ADF64CAC278A2D3200242C09 /* Wordle */,
				ADF64CC3278A2D3400242C09 /* WordleTests */,
				ADF64CCE278A2D3400242C09 /* WordleUITests */,
				ADF64CAB278A2D3200242C09 /* Products */,
			);
			sourceTree = "<group>";
		};
		ADF64CAB278A2D3200242C09 /* Products */ = {
			isa = PBXGroup;
			children = (
				ADF64CAA278A2D3200242C09 /* Wordle.app */,
				ADF64CC0278A2D3400242C09 /* WordleTests.xctest */,
				ADF64CCB278A2D3400242C09 /* WordleUITests.xctest */,
			);
			name = Products;
			sourceTree = "<group>";
		};
		ADF64CAC278A2D3200242C09 /* Wordle */ = {
			isa = PBXGroup;
			children = (
				ADF64CB6278A2D3300242C09 /* Assets.xcassets */,
				ADF64CBB278A2D3400242C09 /* Info.plist */,
				ADF64CEF278A2EC200242C09 /* Supporting Files */,
				ADF64CEB278A2E8F00242C09 /* Model */,
				ADF64CEA278A2E8800242C09 /* View */,
				ADF64CE6278A2E5F00242C09 /* Controller */,
			);
			path = Wordle;
			sourceTree = "<group>";
		};
		ADF64CC3278A2D3400242C09 /* WordleTests */ = {
			isa = PBXGroup;
			children = (
				ADF64CC4278A2D3400242C09 /* WordleTests.swift */,
				ADF64CC6278A2D3400242C09 /* Info.plist */,
			);
			path = WordleTests;
			sourceTree = "<group>";
		};
		ADF64CCE278A2D3400242C09 /* WordleUITests */ = {
			isa = PBXGroup;
			children = (
				ADF64CCF278A2D3400242C09 /* WordleUITests.swift */,
				ADF64CD1278A2D3400242C09 /* Info.plist */,
			);
			path = WordleUITests;
			sourceTree = "<group>";
		};
		ADF64CE6278A2E5F00242C09 /* Controller */ = {
			isa = PBXGroup;
			children = (
				ADF64CB1278A2D3200242C09 /* ViewController.swift */,
			);
			path = Controller;
			sourceTree = "<group>";
		};
		ADF64CEA278A2E8800242C09 /* View */ = {
			isa = PBXGroup;
			children = (
				ADF64CB3278A2D3200242C09 /* Main.storyboard */,
				ADF64CB8278A2D3400242C09 /* LaunchScreen.storyboard */,
			);
			path = View;
			sourceTree = "<group>";
		};
		ADF64CEB278A2E8F00242C09 /* Model */ = {
			isa = PBXGroup;
			children = (
			);
			path = Model;
			sourceTree = "<group>";
		};
		ADF64CEF278A2EC200242C09 /* Supporting Files */ = {
			isa = PBXGroup;
			children = (
				ADF64CAD278A2D3200242C09 /* AppDelegate.swift */,
				ADF64CAF278A2D3200242C09 /* SceneDelegate.swift */,
			);
			path = "Supporting Files";
			sourceTree = "<group>";
		};
/* End PBXGroup section */

/* Begin PBXNativeTarget section */
		ADF64CA9278A2D3200242C09 /* Wordle */ = {
			isa = PBXNativeTarget;
			buildConfigurationList = ADF64CD4278A2D3400242C09 /* Build configuration list for PBXNativeTarget "Wordle" */;
			buildPhases = (
				ADF64CA6278A2D3200242C09 /* Sources */,
				ADF64CA7278A2D3200242C09 /* Frameworks */,
				ADF64CA8278A2D3200242C09 /* Resources */,
			);
			buildRules = (
			);
			dependencies = (
			);
			name = Wordle;
			productName = Wordle;
			productReference = ADF64CAA278A2D3200242C09 /* Wordle.app */;
			productType = "com.apple.product-type.application";
		};
		ADF64CBF278A2D3400242C09 /* WordleTests */ = {
			isa = PBXNativeTarget;
			buildConfigurationList = ADF64CD7278A2D3400242C09 /* Build configuration list for PBXNativeTarget "WordleTests" */;
			buildPhases = (
				ADF64CBC278A2D3400242C09 /* Sources */,
				ADF64CBD278A2D3400242C09 /* Frameworks */,
				ADF64CBE278A2D3400242C09 /* Resources */,
			);
			buildRules = (
			);
			dependencies = (
				ADF64CC2278A2D3400242C09 /* PBXTargetDependency */,
			);
			name = WordleTests;
			productName = WordleTests;
			productReference = ADF64CC0278A2D3400242C09 /* WordleTests.xctest */;
			productType = "com.apple.product-type.bundle.unit-test";
		};
		ADF64CCA278A2D3400242C09 /* WordleUITests */ = {
			isa = PBXNativeTarget;
			buildConfigurationList = ADF64CDA278A2D3400242C09 /* Build configuration list for PBXNativeTarget "WordleUITests" */;
			buildPhases = (
				ADF64CC7278A2D3400242C09 /* Sources */,
				ADF64CC8278A2D3400242C09 /* Frameworks */,
				ADF64CC9278A2D3400242C09 /* Resources */,
			);
			buildRules = (
			);
			dependencies = (
				ADF64CCD278A2D3400242C09 /* PBXTargetDependency */,
			);
			name = WordleUITests;
			productName = WordleUITests;
			productReference = ADF64CCB278A2D3400242C09 /* WordleUITests.xctest */;
			productType = "com.apple.product-type.bundle.ui-testing";
		};
/* End PBXNativeTarget section */

/* Begin PBXProject section */
		ADF64CA2278A2D3200242C09 /* Project object */ = {
			isa = PBXProject;
			attributes = {
				LastSwiftUpdateCheck = 1240;
				LastUpgradeCheck = 1240;
				TargetAttributes = {
					ADF64CA9278A2D3200242C09 = {
						CreatedOnToolsVersion = 12.4;
					};
					ADF64CBF278A2D3400242C09 = {
						CreatedOnToolsVersion = 12.4;
						TestTargetID = ADF64CA9278A2D3200242C09;
					};
					ADF64CCA278A2D3400242C09 = {
						CreatedOnToolsVersion = 12.4;
						TestTargetID = ADF64CA9278A2D3200242C09;
					};
				};
			};
			buildConfigurationList = ADF64CA5278A2D3200242C09 /* Build configuration list for PBXProject "Wordle" */;
			compatibilityVersion = "Xcode 9.3";
			developmentRegion = en;
			hasScannedForEncodings = 0;
			knownRegions = (
				en,
				Base,
			);
			mainGroup = ADF64CA1278A2D3200242C09;
			productRefGroup = ADF64CAB278A2D3200242C09 /* Products */;
			projectDirPath = "";
			projectRoot = "";
			targets = (
				ADF64CA9278A2D3200242C09 /* Wordle */,
				ADF64CBF278A2D3400242C09 /* WordleTests */,
				ADF64CCA278A2D3400242C09 /* WordleUITests */,
			);
		};
/* End PBXProject section */

/* Begin PBXResourcesBuildPhase section */
		ADF64CA8278A2D3200242C09 /* Resources */ = {
			isa = PBXResourcesBuildPhase;
			buildActionMask = 2147483647;
			files = (
				ADF64CBA278A2D3400242C09 /* LaunchScreen.storyboard in Resources */,
				ADF64CB7278A2D3300242C09 /* Assets.xcassets in Resources */,
				ADF64CB5278A2D3200242C09 /* Main.storyboard in Resources */,
			);
			runOnlyForDeploymentPostprocessing = 0;
		};
		ADF64CBE278A2D3400242C09 /* Resources */ = {
			isa = PBXResourcesBuildPhase;
			buildActionMask = 2147483647;
			files = (
			);
			runOnlyForDeploymentPostprocessing = 0;
		};
		ADF64CC9278A2D3400242C09 /* Resources */ = {
			isa = PBXResourcesBuildPhase;
			buildActionMask = 2147483647;
			files = (
			);
			runOnlyForDeploymentPostprocessing = 0;
		};
/* End PBXResourcesBuildPhase section */

/* Begin PBXSourcesBuildPhase section */
		ADF64CA6278A2D3200242C09 /* Sources */ = {
			isa = PBXSourcesBuildPhase;
			buildActionMask = 2147483647;
			files = (
				ADF64CB2278A2D3200242C09 /* ViewController.swift in Sources */,
				ADF64CAE278A2D3200242C09 /* AppDelegate.swift in Sources */,
				ADF64CB0278A2D3200242C09 /* SceneDelegate.swift in Sources */,
			);
			runOnlyForDeploymentPostprocessing = 0;
		};
		ADF64CBC278A2D3400242C09 /* Sources */ = {
			isa = PBXSourcesBuildPhase;
			buildActionMask = 2147483647;
			files = (
				ADF64CC5278A2D3400242C09 /* WordleTests.swift in Sources */,
			);
			runOnlyForDeploymentPostprocessing = 0;
		};
		ADF64CC7278A2D3400242C09 /* Sources */ = {
			isa = PBXSourcesBuildPhase;
			buildActionMask = 2147483647;
			files = (
				ADF64CD0278A2D3400242C09 /* WordleUITests.swift in Sources */,
			);
			runOnlyForDeploymentPostprocessing = 0;
		};
/* End PBXSourcesBuildPhase section */

/* Begin PBXTargetDependency section */
		ADF64CC2278A2D3400242C09 /* PBXTargetDependency */ = {
			isa = PBXTargetDependency;
			target = ADF64CA9278A2D3200242C09 /* Wordle */;
			targetProxy = ADF64CC1278A2D3400242C09 /* PBXContainerItemProxy */;
		};
		ADF64CCD278A2D3400242C09 /* PBXTargetDependency */ = {
			isa = PBXTargetDependency;
			target = ADF64CA9278A2D3200242C09 /* Wordle */;
			targetProxy = ADF64CCC278A2D3400242C09 /* PBXContainerItemProxy */;
		};
/* End PBXTargetDependency section */

/* Begin PBXVariantGroup section */
		ADF64CB3278A2D3200242C09 /* Main.storyboard */ = {
			isa = PBXVariantGroup;
			children = (
				ADF64CB4278A2D3200242C09 /* Base */,
			);
			name = Main.storyboard;
			sourceTree = "<group>";
		};
		ADF64CB8278A2D3400242C09 /* LaunchScreen.storyboard */ = {
			isa = PBXVariantGroup;
			children = (
				ADF64CB9278A2D3400242C09 /* Base */,
			);
			name = LaunchScreen.storyboard;
			sourceTree = "<group>";
		};
/* End PBXVariantGroup section */

/* Begin XCBuildConfiguration section */
		ADF64CD2278A2D3400242C09 /* Debug */ = {
			isa = XCBuildConfiguration;
			buildSettings = {
				ALWAYS_SEARCH_USER_PATHS = NO;
				CLANG_ANALYZER_NONNULL = YES;
				CLANG_ANALYZER_NUMBER_OBJECT_CONVERSION = YES_AGGRESSIVE;
				CLANG_CXX_LANGUAGE_STANDARD = "gnu++14";
				CLANG_CXX_LIBRARY = "libc++";
				CLANG_ENABLE_MODULES = YES;
				CLANG_ENABLE_OBJC_ARC = YES;
				CLANG_ENABLE_OBJC_WEAK = YES;
				CLANG_WARN_BLOCK_CAPTURE_AUTORELEASING = YES;
				CLANG_WARN_BOOL_CONVERSION = YES;
				CLANG_WARN_COMMA = YES;
				CLANG_WARN_CONSTANT_CONVERSION = YES;
				CLANG_WARN_DEPRECATED_OBJC_IMPLEMENTATIONS = YES;
				CLANG_WARN_DIRECT_OBJC_ISA_USAGE = YES_ERROR;
				CLANG_WARN_DOCUMENTATION_COMMENTS = YES;
				CLANG_WARN_EMPTY_BODY = YES;
				CLANG_WARN_ENUM_CONVERSION = YES;
				CLANG_WARN_INFINITE_RECURSION = YES;
				CLANG_WARN_INT_CONVERSION = YES;
				CLANG_WARN_NON_LITERAL_NULL_CONVERSION = YES;
				CLANG_WARN_OBJC_IMPLICIT_RETAIN_SELF = YES;
				CLANG_WARN_OBJC_LITERAL_CONVERSION = YES;
				CLANG_WARN_OBJC_ROOT_CLASS = YES_ERROR;
				CLANG_WARN_QUOTED_INCLUDE_IN_FRAMEWORK_HEADER = YES;
				CLANG_WARN_RANGE_LOOP_ANALYSIS = YES;
				CLANG_WARN_STRICT_PROTOTYPES = YES;
				CLANG_WARN_SUSPICIOUS_MOVE = YES;
				CLANG_WARN_UNGUARDED_AVAILABILITY = YES_AGGRESSIVE;
				CLANG_WARN_UNREACHABLE_CODE = YES;
				CLANG_WARN__DUPLICATE_METHOD_MATCH = YES;
				COPY_PHASE_STRIP = NO;
				DEBUG_INFORMATION_FORMAT = dwarf;
				ENABLE_STRICT_OBJC_MSGSEND = YES;
				ENABLE_TESTABILITY = YES;
				GCC_C_LANGUAGE_STANDARD = gnu11;
				GCC_DYNAMIC_NO_PIC = NO;
				GCC_NO_COMMON_BLOCKS = YES;
				GCC_OPTIMIZATION_LEVEL = 0;
				GCC_PREPROCESSOR_DEFINITIONS = (
					"DEBUG=1",
					"$(inherited)",
				);
				GCC_WARN_64_TO_32_BIT_CONVERSION = YES;
				GCC_WARN_ABOUT_RETURN_TYPE = YES_ERROR;
				GCC_WARN_UNDECLARED_SELECTOR = YES;
				GCC_WARN_UNINITIALIZED_AUTOS = YES_AGGRESSIVE;
				GCC_WARN_UNUSED_FUNCTION = YES;
				GCC_WARN_UNUSED_VARIABLE = YES;
				IPHONEOS_DEPLOYMENT_TARGET = 14.4;
				MTL_ENABLE_DEBUG_INFO = INCLUDE_SOURCE;
				MTL_FAST_MATH = YES;
				ONLY_ACTIVE_ARCH = YES;
				SDKROOT = iphoneos;
				SWIFT_ACTIVE_COMPILATION_CONDITIONS = DEBUG;
				SWIFT_OPTIMIZATION_LEVEL = "-Onone";
			};
			name = Debug;
		};
		ADF64CD3278A2D3400242C09 /* Release */ = {
			isa = XCBuildConfiguration;
			buildSettings = {
				ALWAYS_SEARCH_USER_PATHS = NO;
				CLANG_ANALYZER_NONNULL = YES;
				CLANG_ANALYZER_NUMBER_OBJECT_CONVERSION = YES_AGGRESSIVE;
				CLANG_CXX_LANGUAGE_STANDARD = "gnu++14";
				CLANG_CXX_LIBRARY = "libc++";
				CLANG_ENABLE_MODULES = YES;
				CLANG_ENABLE_OBJC_ARC = YES;
				CLANG_ENABLE_OBJC_WEAK = YES;
				CLANG_WARN_BLOCK_CAPTURE_AUTORELEASING = YES;
				CLANG_WARN_BOOL_CONVERSION = YES;
				CLANG_WARN_COMMA = YES;
				CLANG_WARN_CONSTANT_CONVERSION = YES;
				CLANG_WARN_DEPRECATED_OBJC_IMPLEMENTATIONS = YES;
				CLANG_WARN_DIRECT_OBJC_ISA_USAGE = YES_ERROR;
				CLANG_WARN_DOCUMENTATION_COMMENTS = YES;
				CLANG_WARN_EMPTY_BODY = YES;
				CLANG_WARN_ENUM_CONVERSION = YES;
				CLANG_WARN_INFINITE_RECURSION = YES;
				CLANG_WARN_INT_CONVERSION = YES;
				CLANG_WARN_NON_LITERAL_NULL_CONVERSION = YES;
				CLANG_WARN_OBJC_IMPLICIT_RETAIN_SELF = YES;
				CLANG_WARN_OBJC_LITERAL_CONVERSION = YES;
				CLANG_WARN_OBJC_ROOT_CLASS = YES_ERROR;
				CLANG_WARN_QUOTED_INCLUDE_IN_FRAMEWORK_HEADER = YES;
				CLANG_WARN_RANGE_LOOP_ANALYSIS = YES;
				CLANG_WARN_STRICT_PROTOTYPES = YES;
				CLANG_WARN_SUSPICIOUS_MOVE = YES;
				CLANG_WARN_UNGUARDED_AVAILABILITY = YES_AGGRESSIVE;
				CLANG_WARN_UNREACHABLE_CODE = YES;
				CLANG_WARN__DUPLICATE_METHOD_MATCH = YES;
				COPY_PHASE_STRIP = NO;
				DEBUG_INFORMATION_FORMAT = "dwarf-with-dsym";
				ENABLE_NS_ASSERTIONS = NO;
				ENABLE_STRICT_OBJC_MSGSEND = YES;
				GCC_C_LANGUAGE_STANDARD = gnu11;
				GCC_NO_COMMON_BLOCKS = YES;
				GCC_WARN_64_TO_32_BIT_CONVERSION = YES;
				GCC_WARN_ABOUT_RETURN_TYPE = YES_ERROR;
				GCC_WARN_UNDECLARED_SELECTOR = YES;
				GCC_WARN_UNINITIALIZED_AUTOS = YES_AGGRESSIVE;
				GCC_WARN_UNUSED_FUNCTION = YES;
				GCC_WARN_UNUSED_VARIABLE = YES;
				IPHONEOS_DEPLOYMENT_TARGET = 14.4;
				MTL_ENABLE_DEBUG_INFO = NO;
				MTL_FAST_MATH = YES;
				SDKROOT = iphoneos;
				SWIFT_COMPILATION_MODE = wholemodule;
				SWIFT_OPTIMIZATION_LEVEL = "-O";
				VALIDATE_PRODUCT = YES;
			};
			name = Release;
		};
		ADF64CD5278A2D3400242C09 /* Debug */ = {
			isa = XCBuildConfiguration;
			buildSettings = {
				ASSETCATALOG_COMPILER_APPICON_NAME = AppIcon;
				ASSETCATALOG_COMPILER_GLOBAL_ACCENT_COLOR_NAME = AccentColor;
				CODE_SIGN_STYLE = Automatic;
				INFOPLIST_FILE = Wordle/Info.plist;
				LD_RUNPATH_SEARCH_PATHS = (
					"$(inherited)",
					"@executable_path/Frameworks",
				);
				PRODUCT_BUNDLE_IDENTIFIER = com.yijunshao.Wordle;
				PRODUCT_NAME = "$(TARGET_NAME)";
				SWIFT_VERSION = 5.0;
				TARGETED_DEVICE_FAMILY = 1;
			};
			name = Debug;
		};
		ADF64CD6278A2D3400242C09 /* Release */ = {
			isa = XCBuildConfiguration;
			buildSettings = {
				ASSETCATALOG_COMPILER_APPICON_NAME = AppIcon;
				ASSETCATALOG_COMPILER_GLOBAL_ACCENT_COLOR_NAME = AccentColor;
				CODE_SIGN_STYLE = Automatic;
				INFOPLIST_FILE = Wordle/Info.plist;
				LD_RUNPATH_SEARCH_PATHS = (
					"$(inherited)",
					"@executable_path/Frameworks",
				);
				PRODUCT_BUNDLE_IDENTIFIER = com.yijunshao.Wordle;
				PRODUCT_NAME = "$(TARGET_NAME)";
				SWIFT_VERSION = 5.0;
				TARGETED_DEVICE_FAMILY = 1;
			};
			name = Release;
		};
		ADF64CD8278A2D3400242C09 /* Debug */ = {
			isa = XCBuildConfiguration;
			buildSettings = {
				ALWAYS_EMBED_SWIFT_STANDARD_LIBRARIES = YES;
				BUNDLE_LOADER = "$(TEST_HOST)";
				CODE_SIGN_STYLE = Automatic;
				INFOPLIST_FILE = WordleTests/Info.plist;
				IPHONEOS_DEPLOYMENT_TARGET = 14.4;
				LD_RUNPATH_SEARCH_PATHS = (
					"$(inherited)",
					"@executable_path/Frameworks",
					"@loader_path/Frameworks",
				);
				PRODUCT_BUNDLE_IDENTIFIER = com.yijunshao.WordleTests;
				PRODUCT_NAME = "$(TARGET_NAME)";
				SWIFT_VERSION = 5.0;
				TARGETED_DEVICE_FAMILY = "1,2";
				TEST_HOST = "$(BUILT_PRODUCTS_DIR)/Wordle.app/Wordle";
			};
			name = Debug;
		};
		ADF64CD9278A2D3400242C09 /* Release */ = {
			isa = XCBuildConfiguration;
			buildSettings = {
				ALWAYS_EMBED_SWIFT_STANDARD_LIBRARIES = YES;
				BUNDLE_LOADER = "$(TEST_HOST)";
				CODE_SIGN_STYLE = Automatic;
				INFOPLIST_FILE = WordleTests/Info.plist;
				IPHONEOS_DEPLOYMENT_TARGET = 14.4;
				LD_RUNPATH_SEARCH_PATHS = (
					"$(inherited)",
					"@executable_path/Frameworks",
					"@loader_path/Frameworks",
				);
				PRODUCT_BUNDLE_IDENTIFIER = com.yijunshao.WordleTests;
				PRODUCT_NAME = "$(TARGET_NAME)";
				SWIFT_VERSION = 5.0;
				TARGETED_DEVICE_FAMILY = "1,2";
				TEST_HOST = "$(BUILT_PRODUCTS_DIR)/Wordle.app/Wordle";
			};
			name = Release;
		};
		ADF64CDB278A2D3400242C09 /* Debug */ = {
			isa = XCBuildConfiguration;
			buildSettings = {
				ALWAYS_EMBED_SWIFT_STANDARD_LIBRARIES = YES;
				CODE_SIGN_STYLE = Automatic;
				INFOPLIST_FILE = WordleUITests/Info.plist;
				LD_RUNPATH_SEARCH_PATHS = (
					"$(inherited)",
					"@executable_path/Frameworks",
					"@loader_path/Frameworks",
				);
				PRODUCT_BUNDLE_IDENTIFIER = com.yijunshao.WordleUITests;
				PRODUCT_NAME = "$(TARGET_NAME)";
				SWIFT_VERSION = 5.0;
				TARGETED_DEVICE_FAMILY = "1,2";
				TEST_TARGET_NAME = Wordle;
			};
			name = Debug;
		};
		ADF64CDC278A2D3400242C09 /* Release */ = {
			isa = XCBuildConfiguration;
			buildSettings = {
				ALWAYS_EMBED_SWIFT_STANDARD_LIBRARIES = YES;
				CODE_SIGN_STYLE = Automatic;
				INFOPLIST_FILE = WordleUITests/Info.plist;
				LD_RUNPATH_SEARCH_PATHS = (
					"$(inherited)",
					"@executable_path/Frameworks",
					"@loader_path/Frameworks",
				);
				PRODUCT_BUNDLE_IDENTIFIER = com.yijunshao.WordleUITests;
				PRODUCT_NAME = "$(TARGET_NAME)";
				SWIFT_VERSION = 5.0;
				TARGETED_DEVICE_FAMILY = "1,2";
				TEST_TARGET_NAME = Wordle;
			};
			name = Release;
		};
/* End XCBuildConfiguration section */

/* Begin XCConfigurationList section */
		ADF64CA5278A2D3200242C09 /* Build configuration list for PBXProject "Wordle" */ = {
			isa = XCConfigurationList;
			buildConfigurations = (
				ADF64CD2278A2D3400242C09 /* Debug */,
				ADF64CD3278A2D3400242C09 /* Release */,
			);
			defaultConfigurationIsVisible = 0;
			defaultConfigurationName = Release;
		};
		ADF64CD4278A2D3400242C09 /* Build configuration list for PBXNativeTarget "Wordle" */ = {
			isa = XCConfigurationList;
			buildConfigurations = (
				ADF64CD5278A2D3400242C09 /* Debug */,
				ADF64CD6278A2D3400242C09 /* Release */,
			);
			defaultConfigurationIsVisible = 0;
			defaultConfigurationName = Release;
		};
		ADF64CD7278A2D3400242C09 /* Build configuration list for PBXNativeTarget "WordleTests" */ = {
			isa = XCConfigurationList;
			buildConfigurations = (
				ADF64CD8278A2D3400242C09 /* Debug */,
				ADF64CD9278A2D3400242C09 /* Release */,
			);
			defaultConfigurationIsVisible = 0;
			defaultConfigurationName = Release;
		};
		ADF64CDA278A2D3400242C09 /* Build configuration list for PBXNativeTarget "WordleUITests" */ = {
			isa = XCConfigurationList;
			buildConfigurations = (
				ADF64CDB278A2D3400242C09 /* Debug */,
				ADF64CDC278A2D3400242C09 /* Release */,
			);
			defaultConfigurationIsVisible = 0;
			defaultConfigurationName = Release;
		};
/* End XCConfigurationList section */
	};
	rootObject = ADF64CA2278A2D3200242C09 /* Project object */;
}
